
Microsoft Visual Studio Solution File, Format Version 12.00
# Visual Studio Version 17
VisualStudioVersion = 17.8.34316.72
MinimumVisualStudioVersion = 10.0.40219.1
Project("{9A19103F-16F7-4668-BE54-9A1E7A4F7556}") = "Day1", "Day1\Day1.csproj", "{E7C96358-AB84-4418-9E65-7E7DDCE4BF7A}"
EndProject
Project("{9A19103F-16F7-4668-BE54-9A1E7A4F7556}") = "Day2", "Day2\Day2.csproj", "{8FC9405B-2ADC-4A96-A0EE-635CDF5794AC}"
EndProject
Project("{9A19103F-16F7-4668-BE54-9A1E7A4F7556}") = "Day3", "Day3\Day3.csproj", "{BE93F7B1-F79F-49B4-96A0-950BE2CFA13A}"
EndProject
Project("{9A19103F-16F7-4668-BE54-9A1E7A4F7556}") = "Day4", "Day4\Day4.csproj", "{63690FCE-A196-4C70-BB2E-9B4545A5A9D5}"
EndProject
Project("{9A19103F-16F7-4668-BE54-9A1E7A4F7556}") = "Day5", "Day5\Day5.csproj", "{031E5DB6-671A-4FFA-9827-B423AB824BF8}"
EndProject
Project("{9A19103F-16F7-4668-BE54-9A1E7A4F7556}") = "Day6", "Day6\Day6.csproj", "{EB09A0EC-15C2-4DF2-B3AC-323D9BE14422}"
EndProject
Project("{9A19103F-16F7-4668-BE54-9A1E7A4F7556}") = "Day7", "Day7\Day7.csproj", "{3665D690-7992-4C42-AE57-994E82D1BC8F}"
EndProject
Project("{9A19103F-16F7-4668-BE54-9A1E7A4F7556}") = "Day8", "Day8\Day8.csproj", "{35344097-6E02-4E43-AF40-1E3C15EF35C5}"
EndProject
Project("{FAE04EC0-301F-11D3-BF4B-00C04F79EFBC}") = "Day9", "Day9\Day9.csproj", "{B46A1A3E-30EB-4507-A136-437DF1ACAA5F}"
EndProject
Global
	GlobalSection(SolutionConfigurationPlatforms) = preSolution
		Debug|Any CPU = Debug|Any CPU
		Release|Any CPU = Release|Any CPU
	EndGlobalSection
	GlobalSection(ProjectConfigurationPlatforms) = postSolution
		{E7C96358-AB84-4418-9E65-7E7DDCE4BF7A}.Debug|Any CPU.ActiveCfg = Debug|Any CPU
		{E7C96358-AB84-4418-9E65-7E7DDCE4BF7A}.Debug|Any CPU.Build.0 = Debug|Any CPU
		{E7C96358-AB84-4418-9E65-7E7DDCE4BF7A}.Release|Any CPU.ActiveCfg = Release|Any CPU
		{E7C96358-AB84-4418-9E65-7E7DDCE4BF7A}.Release|Any CPU.Build.0 = Release|Any CPU
		{8FC9405B-2ADC-4A96-A0EE-635CDF5794AC}.Debug|Any CPU.ActiveCfg = Debug|Any CPU
		{8FC9405B-2ADC-4A96-A0EE-635CDF5794AC}.Debug|Any CPU.Build.0 = Debug|Any CPU
		{8FC9405B-2ADC-4A96-A0EE-635CDF5794AC}.Release|Any CPU.ActiveCfg = Release|Any CPU
		{8FC9405B-2ADC-4A96-A0EE-635CDF5794AC}.Release|Any CPU.Build.0 = Release|Any CPU
		{BE93F7B1-F79F-49B4-96A0-950BE2CFA13A}.Debug|Any CPU.ActiveCfg = Debug|Any CPU
		{BE93F7B1-F79F-49B4-96A0-950BE2CFA13A}.Debug|Any CPU.Build.0 = Debug|Any CPU
		{BE93F7B1-F79F-49B4-96A0-950BE2CFA13A}.Release|Any CPU.ActiveCfg = Release|Any CPU
		{BE93F7B1-F79F-49B4-96A0-950BE2CFA13A}.Release|Any CPU.Build.0 = Release|Any CPU
		{63690FCE-A196-4C70-BB2E-9B4545A5A9D5}.Debug|Any CPU.ActiveCfg = Debug|Any CPU
		{63690FCE-A196-4C70-BB2E-9B4545A5A9D5}.Debug|Any CPU.Build.0 = Debug|Any CPU
		{63690FCE-A196-4C70-BB2E-9B4545A5A9D5}.Release|Any CPU.ActiveCfg = Release|Any CPU
		{63690FCE-A196-4C70-BB2E-9B4545A5A9D5}.Release|Any CPU.Build.0 = Release|Any CPU
		{031E5DB6-671A-4FFA-9827-B423AB824BF8}.Debug|Any CPU.ActiveCfg = Debug|Any CPU
		{031E5DB6-671A-4FFA-9827-B423AB824BF8}.Debug|Any CPU.Build.0 = Debug|Any CPU
		{031E5DB6-671A-4FFA-9827-B423AB824BF8}.Release|Any CPU.ActiveCfg = Release|Any CPU
		{031E5DB6-671A-4FFA-9827-B423AB824BF8}.Release|Any CPU.Build.0 = Release|Any CPU
		{EB09A0EC-15C2-4DF2-B3AC-323D9BE14422}.Debug|Any CPU.ActiveCfg = Debug|Any CPU
		{EB09A0EC-15C2-4DF2-B3AC-323D9BE14422}.Debug|Any CPU.Build.0 = Debug|Any CPU
		{EB09A0EC-15C2-4DF2-B3AC-323D9BE14422}.Release|Any CPU.ActiveCfg = Release|Any CPU
		{EB09A0EC-15C2-4DF2-B3AC-323D9BE14422}.Release|Any CPU.Build.0 = Release|Any CPU
		{3665D690-7992-4C42-AE57-994E82D1BC8F}.Debug|Any CPU.ActiveCfg = Debug|Any CPU
		{3665D690-7992-4C42-AE57-994E82D1BC8F}.Debug|Any CPU.Build.0 = Debug|Any CPU
		{3665D690-7992-4C42-AE57-994E82D1BC8F}.Release|Any CPU.ActiveCfg = Release|Any CPU
		{3665D690-7992-4C42-AE57-994E82D1BC8F}.Release|Any CPU.Build.0 = Release|Any CPU
		{35344097-6E02-4E43-AF40-1E3C15EF35C5}.Debug|Any CPU.ActiveCfg = Debug|Any CPU
		{35344097-6E02-4E43-AF40-1E3C15EF35C5}.Debug|Any CPU.Build.0 = Debug|Any CPU
		{35344097-6E02-4E43-AF40-1E3C15EF35C5}.Release|Any CPU.ActiveCfg = Release|Any CPU
		{35344097-6E02-4E43-AF40-1E3C15EF35C5}.Release|Any CPU.Build.0 = Release|Any CPU
		{B46A1A3E-30EB-4507-A136-437DF1ACAA5F}.Debug|Any CPU.ActiveCfg = Debug|Any CPU
		{B46A1A3E-30EB-4507-A136-437DF1ACAA5F}.Debug|Any CPU.Build.0 = Debug|Any CPU
		{B46A1A3E-30EB-4507-A136-437DF1ACAA5F}.Release|Any CPU.ActiveCfg = Release|Any CPU
		{B46A1A3E-30EB-4507-A136-437DF1ACAA5F}.Release|Any CPU.Build.0 = Release|Any CPU
	EndGlobalSection
	GlobalSection(SolutionProperties) = preSolution
		HideSolutionNode = FALSE
	EndGlobalSection
	GlobalSection(ExtensibilityGlobals) = postSolution
		SolutionGuid = {9A3CAD5A-C473-45DF-9BD7-6BB6929CA124}
	EndGlobalSection
EndGlobal
